{
  "nodes": {
    "crane": {
      "locked": {
        "lastModified": 1737563566,
        "narHash": "sha256-GLJvkOG29XCynQm8XWPyykMRqIhxKcBARVu7Ydrz02M=",
        "owner": "ipetkov",
        "repo": "crane",
        "rev": "849376434956794ebc7a6b487d31aace395392ba",
        "type": "github"
      },
      "original": {
        "owner": "ipetkov",
        "repo": "crane",
        "type": "github"
      }
    },
    "flake-compat": {
      "flake": false,
      "locked": {
        "lastModified": 1733328505,
        "narHash": "sha256-NeCCThCEP3eCl2l/+27kNNK7QrwZB1IJCrXfrbv5oqU=",
        "owner": "edolstra",
        "repo": "flake-compat",
        "rev": "ff81ac966bb2cae68946d5ed5fc4994f96d0ffec",
        "type": "github"
      },
      "original": {
        "owner": "edolstra",
        "repo": "flake-compat",
        "type": "github"
      }
    },
    "flake-utils": {
      "inputs": {
        "systems": "systems"
      },
      "locked": {
        "lastModified": 1731533236,
        "narHash": "sha256-l0KFg5HjrsfsO/JpG+r7fRrqm12kzFHyUHqHCVpMMbI=",
        "owner": "numtide",
        "repo": "flake-utils",
        "rev": "11707dc2f618dd54ca8739b309ec4fc024de578b",
        "type": "github"
      },
      "original": {
        "owner": "numtide",
        "repo": "flake-utils",
        "type": "github"
      }
    },
    "flake-utils_2": {
      "inputs": {
        "systems": "systems_2"
      },
      "locked": {
        "lastModified": 1731533236,
        "narHash": "sha256-l0KFg5HjrsfsO/JpG+r7fRrqm12kzFHyUHqHCVpMMbI=",
        "owner": "numtide",
        "repo": "flake-utils",
        "rev": "11707dc2f618dd54ca8739b309ec4fc024de578b",
        "type": "github"
      },
      "original": {
        "owner": "numtide",
        "repo": "flake-utils",
        "type": "github"
      }
    },
    "ghostty": {
      "inputs": {
        "flake-compat": "flake-compat",
        "flake-utils": "flake-utils",
        "nixpkgs-stable": "nixpkgs-stable",
        "nixpkgs-unstable": "nixpkgs-unstable",
        "zig": "zig",
        "zig2nix": "zig2nix"
      },
      "locked": {
        "lastModified": 1739640276,
        "narHash": "sha256-7w9OQeodMWE+4KsAxTs20Bc19CYhM9Dnoh+f/mk3M48=",
        "owner": "ghostty-org",
        "repo": "ghostty",
        "rev": "aeccbd266ad79fdab80213154ae630ac7dd41ad6",
        "type": "github"
      },
      "original": {
        "owner": "ghostty-org",
        "repo": "ghostty",
        "type": "github"
      }
    },
    "helix": {
      "inputs": {
        "crane": "crane",
        "flake-utils": "flake-utils_2",
        "nixpkgs": "nixpkgs",
        "rust-overlay": "rust-overlay"
      },
      "locked": {
        "lastModified": 1739457098,
        "narHash": "sha256-a4zUQTpHagz1Kb3kLxcflsiF05FsHlrzXEuCjbzjAOM=",
        "owner": "helix-editor",
        "repo": "helix",
        "rev": "7275b7f85014aad7e15d4987ec4f2249572eecfb",
        "type": "github"
      },
      "original": {
        "owner": "helix-editor",
        "repo": "helix",
        "type": "github"
      }
    },
    "ida-pro-overlay": {
      "inputs": {
        "nixpkgs": [
          "nixpkgs"
        ]
      },
      "locked": {
        "lastModified": 1739132524,
        "narHash": "sha256-8DbnG/CWCPn4m0PEuf6rCybSdx/hz4Ku0OxARJCuykA=",
        "owner": "msanft",
        "repo": "ida-pro-overlay",
        "rev": "751e159d5eff37d002ae99b6eb168e0643d435e4",
        "type": "github"
      },
      "original": {
        "owner": "msanft",
        "ref": "v9.0.0.241217",
        "repo": "ida-pro-overlay",
        "type": "github"
      }
    },
    "musnix": {
      "inputs": {
        "nixpkgs": "nixpkgs_2"
      },
      "locked": {
        "lastModified": 1735772949,
        "narHash": "sha256-lvee0rhKTpJEDl1SC4F3Kvz88snOU8OMTJBsPH1pVBo=",
        "owner": "musnix",
        "repo": "musnix",
        "rev": "86ef22cbdd7551ef325bce88143be9f37da64c26",
        "type": "github"
      },
      "original": {
        "owner": "musnix",
        "repo": "musnix",
        "type": "github"
      }
    },
    "nix-index-database": {
      "inputs": {
        "nixpkgs": [
          "nixpkgs"
        ]
      },
      "locked": {
        "lastModified": 1739071773,
        "narHash": "sha256-/Ak+Quinhmdxa9m3shjm4lwwwqmzG8zzGhhhhgR1k9I=",
        "owner": "nix-community",
        "repo": "nix-index-database",
        "rev": "895d81b6228bbd50a6ef22f5a58a504ca99763ea",
        "type": "github"
      },
      "original": {
        "owner": "nix-community",
        "repo": "nix-index-database",
        "type": "github"
      }
    },
    "nixos-hardware": {
      "locked": {
        "lastModified": 1738816619,
        "narHash": "sha256-5yRlg48XmpcX5b5HesdGMOte+YuCy9rzQkJz+imcu6I=",
        "owner": "NixOS",
        "repo": "nixos-hardware",
        "rev": "2eccff41bab80839b1d25b303b53d339fbb07087",
        "type": "github"
      },
      "original": {
        "owner": "NixOS",
        "ref": "master",
        "repo": "nixos-hardware",
        "type": "github"
      }
    },
    "nixpkgs": {
      "locked": {
        "lastModified": 1728018373,
        "narHash": "sha256-NOiTvBbRLIOe5F6RbHaAh6++BNjsb149fGZd1T4+KBg=",
        "owner": "nixos",
        "repo": "nixpkgs",
        "rev": "bc947f541ae55e999ffdb4013441347d83b00feb",
        "type": "github"
      },
      "original": {
        "owner": "nixos",
        "ref": "nixos-unstable",
        "repo": "nixpkgs",
        "type": "github"
      }
    },
    "nixpkgs-stable": {
      "locked": {
        "lastModified": 1738255539,
        "narHash": "sha256-hP2eOqhIO/OILW+3moNWO4GtdJFYCqAe9yJZgvlCoDQ=",
        "owner": "nixos",
        "repo": "nixpkgs",
        "rev": "c3511a3b53b482aa7547c9d1626fd7310c1de1c5",
        "type": "github"
      },
      "original": {
        "owner": "nixos",
        "ref": "release-24.11",
        "repo": "nixpkgs",
        "type": "github"
      }
    },
    "nixpkgs-unstable": {
      "locked": {
        "lastModified": 1738136902,
        "narHash": "sha256-pUvLijVGARw4u793APze3j6mU1Zwdtz7hGkGGkD87qw=",
        "owner": "nixos",
        "repo": "nixpkgs",
        "rev": "9a5db3142ce450045840cc8d832b13b8a2018e0c",
        "type": "github"
      },
      "original": {
        "owner": "nixos",
        "ref": "nixpkgs-unstable",
        "repo": "nixpkgs",
        "type": "github"
      }
    },
    "nixpkgs-unstable_2": {
      "locked": {
        "lastModified": 1739446958,
        "narHash": "sha256-+/bYK3DbPxMIvSL4zArkMX0LQvS7rzBKXnDXLfKyRVc=",
        "owner": "NixOS",
        "repo": "nixpkgs",
        "rev": "2ff53fe64443980e139eaa286017f53f88336dd0",
        "type": "github"
      },
      "original": {
        "id": "nixpkgs",
        "ref": "nixos-unstable",
        "type": "indirect"
      }
    },
    "nixpkgs_2": {
      "locked": {
        "lastModified": 1735291276,
        "narHash": "sha256-NYVcA06+blsLG6wpAbSPTCyLvxD/92Hy4vlY9WxFI1M=",
        "owner": "NixOS",
        "repo": "nixpkgs",
        "rev": "634fd46801442d760e09493a794c4f15db2d0cbb",
        "type": "github"
      },
      "original": {
        "owner": "NixOS",
        "ref": "nixos-unstable",
        "repo": "nixpkgs",
        "type": "github"
      }
    },
    "nixpkgs_3": {
      "locked": {
        "lastModified": 1739484910,
        "narHash": "sha256-wjWLzdM7PIq4ZAe7k3vyjtgVJn6b0UeodtRFlM/6W5U=",
        "owner": "NixOS",
        "repo": "nixpkgs",
        "rev": "0b73e36b1962620a8ac551a37229dd8662dac5c8",
        "type": "github"
      },
      "original": {
        "id": "nixpkgs",
        "ref": "nixos-24.11",
        "type": "indirect"
      }
    },
    "root": {
      "inputs": {
        "ghostty": "ghostty",
        "helix": "helix",
        "ida-pro-overlay": "ida-pro-overlay",
        "musnix": "musnix",
        "nix-index-database": "nix-index-database",
        "nixos-hardware": "nixos-hardware",
        "nixpkgs": "nixpkgs_3",
        "nixpkgs-unstable": "nixpkgs-unstable_2"
      }
    },
    "rust-overlay": {
      "inputs": {
        "nixpkgs": [
          "helix",
          "nixpkgs"
        ]
      },
      "locked": {
        "lastModified": 1737599167,
        "narHash": "sha256-S2rHCrQWCDVp63XxL/AQbGr1g5M8Zx14C7Jooa4oM8o=",
        "owner": "oxalica",
        "repo": "rust-overlay",
        "rev": "38374302ae9edf819eac666d1f276d62c712dd06",
        "type": "github"
      },
      "original": {
        "owner": "oxalica",
        "repo": "rust-overlay",
        "type": "github"
      }
    },
    "systems": {
      "locked": {
        "lastModified": 1681028828,
        "narHash": "sha256-Vy1rq5AaRuLzOxct8nz4T6wlgyUR7zLU309k9mBC768=",
        "owner": "nix-systems",
        "repo": "default",
        "rev": "da67096a3b9bf56a91d16901293e51ba5b49a27e",
        "type": "github"
      },
      "original": {
        "owner": "nix-systems",
        "repo": "default",
        "type": "github"
      }
    },
    "systems_2": {
      "locked": {
        "lastModified": 1681028828,
        "narHash": "sha256-Vy1rq5AaRuLzOxct8nz4T6wlgyUR7zLU309k9mBC768=",
        "owner": "nix-systems",
        "repo": "default",
        "rev": "da67096a3b9bf56a91d16901293e51ba5b49a27e",
        "type": "github"
      },
      "original": {
        "owner": "nix-systems",
        "repo": "default",
        "type": "github"
      }
    },
    "zig": {
      "inputs": {
        "flake-compat": [
          "ghostty"
        ],
        "flake-utils": [
          "ghostty",
          "flake-utils"
        ],
        "nixpkgs": [
          "ghostty",
          "nixpkgs-stable"
        ]
      },
      "locked": {
        "lastModified": 1738239110,
        "narHash": "sha256-Y5i9mQ++dyIQr+zEPNy+KIbc5wjPmfllBrag3cHZgcE=",
        "owner": "mitchellh",
        "repo": "zig-overlay",
        "rev": "1a8fb6f3a04724519436355564b95fce5e272504",
        "type": "github"
      },
      "original": {
        "owner": "mitchellh",
        "repo": "zig-overlay",
        "type": "github"
      }
    },
    "zig2nix": {
      "inputs": {
        "flake-utils": [
          "ghostty",
          "flake-utils"
        ],
        "nixpkgs": [
          "ghostty",
          "nixpkgs-stable"
        ]
      },
      "locked": {
        "lastModified": 1738263917,
        "narHash": "sha256-j/3fwe2pEOquHabP/puljOKwAZFjIE9gXZqA91sC48M=",
        "owner": "jcollie",
        "repo": "zig2nix",
        "rev": "c311d8e77a6ee0d995f40a6e10a89a3a4ab04f9a",
        "type": "github"
      },
      "original": {
        "owner": "jcollie",
        "ref": "c311d8e77a6ee0d995f40a6e10a89a3a4ab04f9a",
        "repo": "zig2nix",
        "type": "github"
      }
    }
  },
  "root": "root",
  "version": 7
}
