{
  "nodes": {
    "build-go-cache": {
      "inputs": {
        "gomod2nix": "gomod2nix",
        "nixpkgs": [
          "exocortex",
          "nixpkgs"
        ]
      },
      "locked": {
        "lastModified": 1727881058,
        "narHash": "sha256-eRRo+wSR1a/fPkvDJ1+p+C6vMrWx9yQxLeaGUpMDV94=",
        "owner": "numtide",
        "repo": "build-go-cache",
        "rev": "69a530f1de887c46c68cb78a0b6236a1361004a7",
        "type": "github"
      },
      "original": {
        "owner": "numtide",
        "repo": "build-go-cache",
        "type": "github"
      }
    },
    "crane": {
      "locked": {
        "lastModified": 1765145449,
        "narHash": "sha256-aBVHGWWRzSpfL++LubA0CwOOQ64WNLegrYHwsVuVN7A=",
        "owner": "ipetkov",
        "repo": "crane",
        "rev": "69f538cdce5955fcd47abfed4395dc6d5194c1c5",
        "type": "github"
      },
      "original": {
        "owner": "ipetkov",
        "repo": "crane",
        "type": "github"
      }
    },
    "crane_2": {
      "locked": {
        "lastModified": 1776635034,
        "narHash": "sha256-OEOJrT3ZfwbChzODfIH4GzlNTtOFuZFWPtW7jIeR8xU=",
        "owner": "ipetkov",
        "repo": "crane",
        "rev": "dc7496d8ea6e526b1254b55d09b966e94673750f",
        "type": "github"
      },
      "original": {
        "owner": "ipetkov",
        "repo": "crane",
        "type": "github"
      }
    },
    "disko": {
      "inputs": {
        "nixpkgs": [
          "nixpkgs"
        ]
      },
      "locked": {
        "lastModified": 1781152676,
        "narHash": "sha256-RxWs5ND31KzTG7wvMM+PMfUjyNpmIEr999lqNARaM5o=",
        "owner": "nix-community",
        "repo": "disko",
        "rev": "ff8702b4de27f72b4c78573dfb89ec74e36abdf1",
        "type": "github"
      },
      "original": {
        "owner": "nix-community",
        "repo": "disko",
        "type": "github"
      }
    },
    "exocortex": {
      "inputs": {
        "build-go-cache": "build-go-cache",
        "flake-utils": "flake-utils_2",
        "nixpkgs": [
          "nixpkgs"
        ]
      },
      "locked": {
        "lastModified": 1777219150,
        "narHash": "sha256-bwUSiV83yZdy3+F/QcW62t95Yd/e3g9qQya0s7oAMWI=",
        "owner": "neutralinsomniac",
        "repo": "exocortex",
        "rev": "0139c68d22fec9deb12e3b7cf419e6e32d105b5e",
        "type": "github"
      },
      "original": {
        "owner": "neutralinsomniac",
        "repo": "exocortex",
        "type": "github"
      }
    },
    "flake-compat": {
      "flake": false,
      "locked": {
        "lastModified": 1761588595,
        "narHash": "sha256-XKUZz9zewJNUj46b4AJdiRZJAvSZ0Dqj2BNfXvFlJC4=",
        "owner": "edolstra",
        "repo": "flake-compat",
        "rev": "f387cd2afec9419c8ee37694406ca490c3f34ee5",
        "type": "github"
      },
      "original": {
        "owner": "edolstra",
        "repo": "flake-compat",
        "type": "github"
      }
    },
    "flake-compat_2": {
      "flake": false,
      "locked": {
        "lastModified": 1761588595,
        "narHash": "sha256-XKUZz9zewJNUj46b4AJdiRZJAvSZ0Dqj2BNfXvFlJC4=",
        "owner": "edolstra",
        "repo": "flake-compat",
        "rev": "f387cd2afec9419c8ee37694406ca490c3f34ee5",
        "type": "github"
      },
      "original": {
        "owner": "edolstra",
        "repo": "flake-compat",
        "type": "github"
      }
    },
    "flake-compat_3": {
      "locked": {
        "lastModified": 1761640442,
        "narHash": "sha256-AtrEP6Jmdvrqiv4x2xa5mrtaIp3OEe8uBYCDZDS+hu8=",
        "owner": "nix-community",
        "repo": "flake-compat",
        "rev": "4a56054d8ffc173222d09dad23adf4ba946c8884",
        "type": "github"
      },
      "original": {
        "owner": "nix-community",
        "repo": "flake-compat",
        "type": "github"
      }
    },
    "flake-parts": {
      "inputs": {
        "nixpkgs-lib": "nixpkgs-lib"
      },
      "locked": {
        "lastModified": 1782949081,
        "narHash": "sha256-vp6Y/Grm98ESt6ceOkWiHWyZRDV3J1RID4w+6NWK9yA=",
        "owner": "hercules-ci",
        "repo": "flake-parts",
        "rev": "17c9d6cdfc60c64f4ee8d306f9bc0b4ccb51481e",
        "type": "github"
      },
      "original": {
        "owner": "hercules-ci",
        "repo": "flake-parts",
        "type": "github"
      }
    },
    "flake-utils": {
      "inputs": {
        "systems": "systems"
      },
      "locked": {
        "lastModified": 1694529238,
        "narHash": "sha256-zsNZZGTGnMOf9YpHKJqMSsa0dXbfmxeoJ7xHlrt+xmY=",
        "owner": "numtide",
        "repo": "flake-utils",
        "rev": "ff7b65b44d01cf9ba6a71320833626af21126384",
        "type": "github"
      },
      "original": {
        "owner": "numtide",
        "repo": "flake-utils",
        "type": "github"
      }
    },
    "flake-utils_2": {
      "inputs": {
        "systems": "systems_2"
      },
      "locked": {
        "lastModified": 1731533236,
        "narHash": "sha256-l0KFg5HjrsfsO/JpG+r7fRrqm12kzFHyUHqHCVpMMbI=",
        "owner": "numtide",
        "repo": "flake-utils",
        "rev": "11707dc2f618dd54ca8739b309ec4fc024de578b",
        "type": "github"
      },
      "original": {
        "owner": "numtide",
        "repo": "flake-utils",
        "type": "github"
      }
    },
    "flake-utils_3": {
      "inputs": {
        "systems": "systems_4"
      },
      "locked": {
        "lastModified": 1731533236,
        "narHash": "sha256-l0KFg5HjrsfsO/JpG+r7fRrqm12kzFHyUHqHCVpMMbI=",
        "owner": "numtide",
        "repo": "flake-utils",
        "rev": "11707dc2f618dd54ca8739b309ec4fc024de578b",
        "type": "github"
      },
      "original": {
        "owner": "numtide",
        "repo": "flake-utils",
        "type": "github"
      }
    },
    "flake-utils_4": {
      "inputs": {
        "systems": "systems_5"
      },
      "locked": {
        "lastModified": 1731533236,
        "narHash": "sha256-l0KFg5HjrsfsO/JpG+r7fRrqm12kzFHyUHqHCVpMMbI=",
        "owner": "numtide",
        "repo": "flake-utils",
        "rev": "11707dc2f618dd54ca8739b309ec4fc024de578b",
        "type": "github"
      },
      "original": {
        "owner": "numtide",
        "repo": "flake-utils",
        "type": "github"
      }
    },
    "ghostty": {
      "inputs": {
        "flake-compat": "flake-compat",
        "home-manager": "home-manager",
        "nixpkgs": "nixpkgs",
        "systems": "systems_3",
        "zig": "zig",
        "zon2nix": "zon2nix"
      },
      "locked": {
        "lastModified": 1783702482,
        "narHash": "sha256-I5WgJqLZF8Qn+/Iaouhh95HRvEV3n8f/c2rpYD+bHxE=",
        "owner": "ghostty-org",
        "repo": "ghostty",
        "rev": "53bd14fecfd68c6c0ab64d37b5943247299e2b40",
        "type": "github"
      },
      "original": {
        "owner": "ghostty-org",
        "repo": "ghostty",
        "type": "github"
      }
    },
    "gitignore": {
      "inputs": {
        "nixpkgs": [
          "lanzaboote",
          "pre-commit",
          "nixpkgs"
        ]
      },
      "locked": {
        "lastModified": 1709087332,
        "narHash": "sha256-HG2cCnktfHsKV0s4XW83gU3F57gaTljL9KNSuG6bnQs=",
        "owner": "hercules-ci",
        "repo": "gitignore.nix",
        "rev": "637db329424fd7e46cf4185293b9cc8c88c95394",
        "type": "github"
      },
      "original": {
        "owner": "hercules-ci",
        "repo": "gitignore.nix",
        "type": "github"
      }
    },
    "glass": {
      "inputs": {
        "glyph": "glyph",
        "nixpkgs": [
          "tile",
          "nixpkgs"
        ]
      },
      "locked": {
        "lastModified": 1777834038,
        "narHash": "sha256-Nw06KlPXoKpw0LQ3d2hDgI8JhYJyX+h4EMKve56h9BI=",
        "owner": "neutralinsomniac",
        "repo": "glass",
        "rev": "1181bd8e6a422ecac4a4d79ff938f6a4c3304ece",
        "type": "github"
      },
      "original": {
        "owner": "neutralinsomniac",
        "ref": "nix",
        "repo": "glass",
        "type": "github"
      }
    },
    "glyph": {
      "flake": false,
      "locked": {
        "lastModified": 1777813453,
        "narHash": "sha256-o1Ip97Eb678DP6K9I7X1lXnbGnJvdEKL9rUfH11FDpA=",
        "owner": "isene",
        "repo": "glyph",
        "rev": "a2d3ab7023881ff13f6cc51c9756121da9f1d58e",
        "type": "github"
      },
      "original": {
        "owner": "isene",
        "repo": "glyph",
        "type": "github"
      }
    },
    "gomod2nix": {
      "inputs": {
        "flake-utils": "flake-utils",
        "nixpkgs": [
          "exocortex",
          "build-go-cache",
          "nixpkgs"
        ]
      },
      "locked": {
        "lastModified": 1701687253,
        "narHash": "sha256-qJCMxIKWXonJODPF2oV7mCd0xu7VYVenTucrY0bizto=",
        "owner": "nix-community",
        "repo": "gomod2nix",
        "rev": "001bbfa22e2adeb87c34c6015e5694e88721cabe",
        "type": "github"
      },
      "original": {
        "owner": "nix-community",
        "repo": "gomod2nix",
        "type": "github"
      }
    },
    "helix": {
      "inputs": {
        "nixpkgs": "nixpkgs_2",
        "rust-overlay": "rust-overlay"
      },
      "locked": {
        "lastModified": 1783367201,
        "narHash": "sha256-/ibzswTrAp1yW0GStFZGyRl6KO+wb9wZIUZWH4bz3ww=",
        "owner": "helix-editor",
        "repo": "helix",
        "rev": "14d6bc0febed9c692048271a8ae2362ac969c6e0",
        "type": "github"
      },
      "original": {
        "owner": "helix-editor",
        "repo": "helix",
        "type": "github"
      }
    },
    "home-manager": {
      "inputs": {
        "nixpkgs": [
          "ghostty",
          "nixpkgs"
        ]
      },
      "locked": {
        "lastModified": 1770586272,
        "narHash": "sha256-Ucci8mu8QfxwzyfER2DQDbvW9t1BnTUJhBmY7ybralo=",
        "owner": "nix-community",
        "repo": "home-manager",
        "rev": "b1f916ba052341edc1f80d4b2399f1092a4873ca",
        "type": "github"
      },
      "original": {
        "owner": "nix-community",
        "repo": "home-manager",
        "type": "github"
      }
    },
    "ida-pro-overlay": {
      "inputs": {
        "nixpkgs": [
          "nixpkgs"
        ]
      },
      "locked": {
        "lastModified": 1758125965,
        "narHash": "sha256-OGriNp3Q/eSo8JL5qeRbgVNB49SMO3qbfd50wVQBm0s=",
        "owner": "msanft",
        "repo": "ida-pro-overlay",
        "rev": "b69522edab2be3afe06396468fde48a55edbb488",
        "type": "github"
      },
      "original": {
        "owner": "msanft",
        "ref": "v9.2.0.250908",
        "repo": "ida-pro-overlay",
        "type": "github"
      }
    },
    "import-tree": {
      "locked": {
        "lastModified": 1778781969,
        "narHash": "sha256-Jjuz5CmSkur8KvLDoGa+vylEp+RkQtv4mt/qcMznpH0=",
        "owner": "vic",
        "repo": "import-tree",
        "rev": "d321337efd0f23a9eb14a42adb7b2c29313ab274",
        "type": "github"
      },
      "original": {
        "owner": "vic",
        "repo": "import-tree",
        "type": "github"
      }
    },
    "jujutsu": {
      "inputs": {
        "flake-utils": "flake-utils_3",
        "nixpkgs": "nixpkgs_3",
        "rust-overlay": "rust-overlay_2"
      },
      "locked": {
        "lastModified": 1783703601,
        "narHash": "sha256-njJMlE5XJ1t68pwV7SP7ef/KIuY7MM3xyh5pxAO6fm0=",
        "owner": "jj-vcs",
        "repo": "jj",
        "rev": "8eb7a6c88fd30bc8f49d5cc4248ec9cd68f291be",
        "type": "github"
      },
      "original": {
        "owner": "jj-vcs",
        "repo": "jj",
        "type": "github"
      }
    },
    "kte": {
      "inputs": {
        "nixpkgs": [
          "nixpkgs"
        ]
      },
      "locked": {
        "lastModified": 1782940755,
        "narHash": "sha256-r+doe33I/U3QeWw3k5Bf2ko8sM1PNKDbVSbYPSKg0O0=",
        "ref": "refs/heads/master",
        "rev": "3126a5e5234286b27f95548b3f20cedcff7a0103",
        "revCount": 175,
        "type": "git",
        "url": "https://git.wntrmute.dev/kyle/kte"
      },
      "original": {
        "type": "git",
        "url": "https://git.wntrmute.dev/kyle/kte"
      }
    },
    "lanzaboote": {
      "inputs": {
        "crane": "crane",
        "nixpkgs": [
          "nixpkgs"
        ],
        "pre-commit": "pre-commit",
        "rust-overlay": "rust-overlay_3"
      },
      "locked": {
        "lastModified": 1765382359,
        "narHash": "sha256-RJmgVDzjRI18BWVogG6wpsl1UCuV6ui8qr4DJ1LfWZ8=",
        "owner": "nix-community",
        "repo": "lanzaboote",
        "rev": "e8c096ade12ec9130ff931b0f0e25d2f1bc63607",
        "type": "github"
      },
      "original": {
        "owner": "nix-community",
        "ref": "v1.0.0",
        "repo": "lanzaboote",
        "type": "github"
      }
    },
    "nix-index-database": {
      "inputs": {
        "nixpkgs": [
          "nixpkgs"
        ]
      },
      "locked": {
        "lastModified": 1778998156,
        "narHash": "sha256-nvmH+6kVtbwizZSPpwQaSJNkMMWzj4A2h5IhXsMesEg=",
        "owner": "nix-community",
        "repo": "nix-index-database",
        "rev": "c5ce1c8d724ba25a27a05e789b51510aa1e752e8",
        "type": "github"
      },
      "original": {
        "owner": "nix-community",
        "ref": "2026-05-17-060925",
        "repo": "nix-index-database",
        "type": "github"
      }
    },
    "nix-wrapper-modules": {
      "inputs": {
        "nixpkgs": [
          "nixpkgs"
        ]
      },
      "locked": {
        "lastModified": 1782135443,
        "narHash": "sha256-vAmbArdCyjqpVW+37aCy/PMBOLIqukUXLQuEKLwUhA4=",
        "owner": "BirdeeHub",
        "repo": "nix-wrapper-modules",
        "rev": "6e7f66fa2cdf4d63162580b438f7fcf87c28a46f",
        "type": "github"
      },
      "original": {
        "owner": "BirdeeHub",
        "repo": "nix-wrapper-modules",
        "type": "github"
      }
    },
    "nixos-apple-silicon": {
      "inputs": {
        "flake-compat": "flake-compat_3",
        "nixpkgs": "nixpkgs_4"
      },
      "locked": {
        "lastModified": 1783669315,
        "narHash": "sha256-DjIkyK48jWUxYCCoTDS9L5PgGg6/RFRSRXW2dSFpJg8=",
        "owner": "nix-community",
        "repo": "nixos-apple-silicon",
        "rev": "9e46a0edd8a6d96538d146a4bb4477e7fae8b1a0",
        "type": "github"
      },
      "original": {
        "owner": "nix-community",
        "repo": "nixos-apple-silicon",
        "type": "github"
      }
    },
    "nixos-hardware": {
      "inputs": {
        "nixpkgs": "nixpkgs_5"
      },
      "locked": {
        "lastModified": 1783909700,
        "narHash": "sha256-PFN61zHUM7GD4RtxeXmp3268FCzs+PCKUT27wDADHV0=",
        "owner": "neutralinsomniac",
        "repo": "nixos-hardware",
        "rev": "3d95b49d0cec426a3b723c8323e1827845e407da",
        "type": "github"
      },
      "original": {
        "owner": "neutralinsomniac",
        "repo": "nixos-hardware",
        "type": "github"
      }
    },
    "nixpkgs": {
      "locked": {
        "lastModified": 1770537093,
        "narHash": "sha256-XV30uo8tXuxdzuV8l3sojmlPRLd/8tpMsOp4lNzLGUo=",
        "rev": "fef9403a3e4d31b0a23f0bacebbec52c248fbb51",
        "type": "tarball",
        "url": "https://releases.nixos.org/nixpkgs/nixpkgs-26.05pre942631.fef9403a3e4d/nixexprs.tar.xz"
      },
      "original": {
        "type": "tarball",
        "url": "https://channels.nixos.org/nixpkgs-unstable/nixexprs.tar.xz"
      }
    },
    "nixpkgs-lib": {
      "locked": {
        "lastModified": 1782614948,
        "narHash": "sha256-ePjCwr1sNm9NYUqywL7QfK3JnlS015msC+eBu2zKlp8=",
        "owner": "nix-community",
        "repo": "nixpkgs.lib",
        "rev": "db3f255737b94216eb71cce308e2912cf6bc2d7c",
        "type": "github"
      },
      "original": {
        "owner": "nix-community",
        "repo": "nixpkgs.lib",
        "type": "github"
      }
    },
    "nixpkgs-unstable": {
      "locked": {
        "lastModified": 1783522502,
        "narHash": "sha256-nFgG4gPQueCgP8LidXsdI2lYPrSwTcmDl6afcVn7F/U=",
        "rev": "0bb7ec54c8483066ec9d7720e780a5caa71f8612",
        "type": "tarball",
        "url": "https://releases.nixos.org/nixos/unstable/nixos-26.11pre1031299.0bb7ec54c848/nixexprs.tar.xz"
      },
      "original": {
        "id": "nixpkgs",
        "ref": "nixos-unstable",
        "type": "indirect"
      }
    },
    "nixpkgs_2": {
      "locked": {
        "lastModified": 1775036866,
        "narHash": "sha256-ZojAnPuCdy657PbTq5V0Y+AHKhZAIwSIT2cb8UgAz/U=",
        "owner": "nixos",
        "repo": "nixpkgs",
        "rev": "6201e203d09599479a3b3450ed24fa81537ebc4e",
        "type": "github"
      },
      "original": {
        "owner": "nixos",
        "ref": "nixos-unstable",
        "repo": "nixpkgs",
        "type": "github"
      }
    },
    "nixpkgs_3": {
      "locked": {
        "lastModified": 1781268102,
        "narHash": "sha256-Zn5KTggEmUB3lXn/ccERNcBdddE6IaOFber9dWViWDg=",
        "owner": "NixOS",
        "repo": "nixpkgs",
        "rev": "49a4bd0573c376468dd7996ddb6f9fa31d8c4d97",
        "type": "github"
      },
      "original": {
        "owner": "NixOS",
        "ref": "nixpkgs-unstable",
        "repo": "nixpkgs",
        "type": "github"
      }
    },
    "nixpkgs_4": {
      "locked": {
        "lastModified": 1783224372,
        "narHash": "sha256-8i/87eeoqiGE4yOTjwSA3Eh/ziJRQEmd/unYU+K27sk=",
        "owner": "NixOS",
        "repo": "nixpkgs",
        "rev": "d407951447dcd00442e97087bf374aad70c04cea",
        "type": "github"
      },
      "original": {
        "owner": "NixOS",
        "ref": "nixos-unstable",
        "repo": "nixpkgs",
        "type": "github"
      }
    },
    "nixpkgs_5": {
      "locked": {
        "lastModified": 1767892417,
        "narHash": "sha256-8bW3q88CEg2u4hSP66Vf4lpbLonHz7hqDNBMcCY7E9U=",
        "rev": "3497aa5c9457a9d88d71fa93a4a8368816fbeeba",
        "type": "tarball",
        "url": "https://releases.nixos.org/nixos/unstable/nixos-26.05pre924538.3497aa5c9457/nixexprs.tar.xz"
      },
      "original": {
        "type": "tarball",
        "url": "https://channels.nixos.org/nixos-unstable/nixexprs.tar.xz"
      }
    },
    "nixpkgs_6": {
      "locked": {
        "lastModified": 1783549019,
        "narHash": "sha256-e9ftz5SvuCS13Y+YyZhvq5n1kmno01PhwU6M8KTBulE=",
        "rev": "74cc63f702f7d60a557e152a57b40fb1fd0f72ac",
        "type": "tarball",
        "url": "https://releases.nixos.org/nixos/26.05/nixos-26.05.4494.74cc63f702f7/nixexprs.tar.xz"
      },
      "original": {
        "id": "nixpkgs",
        "ref": "nixos-26.05",
        "type": "indirect"
      }
    },
    "noctalia": {
      "inputs": {
        "nixpkgs": [
          "nixpkgs"
        ]
      },
      "locked": {
        "lastModified": 1783725450,
        "narHash": "sha256-peGjktCiyVxRw9gM5uizyRVsgwtd+n3MZdVioZDijXc=",
        "owner": "noctalia-dev",
        "repo": "noctalia-shell",
        "rev": "e7875acaf0103001b395d1c5b9680b5a96e0b92f",
        "type": "github"
      },
      "original": {
        "owner": "noctalia-dev",
        "repo": "noctalia-shell",
        "type": "github"
      }
    },
    "pre-commit": {
      "inputs": {
        "flake-compat": "flake-compat_2",
        "gitignore": "gitignore",
        "nixpkgs": [
          "lanzaboote",
          "nixpkgs"
        ]
      },
      "locked": {
        "lastModified": 1765016596,
        "narHash": "sha256-rhSqPNxDVow7OQKi4qS5H8Au0P4S3AYbawBSmJNUtBQ=",
        "owner": "cachix",
        "repo": "pre-commit-hooks.nix",
        "rev": "548fc44fca28a5e81c5d6b846e555e6b9c2a5a3c",
        "type": "github"
      },
      "original": {
        "owner": "cachix",
        "repo": "pre-commit-hooks.nix",
        "type": "github"
      }
    },
    "raptorboost": {
      "inputs": {
        "crane": "crane_2",
        "flake-utils": "flake-utils_4",
        "nixpkgs": [
          "nixpkgs"
        ]
      },
      "locked": {
        "lastModified": 1776716264,
        "narHash": "sha256-SQZYU4Wb+QjkAb7P36c8X2jY4oG2P7F222bZcGZ+aos=",
        "owner": "neutralinsomniac",
        "repo": "raptorboost",
        "rev": "0d2c92cc9d912842ac49a245ae3de32d7e845894",
        "type": "github"
      },
      "original": {
        "owner": "neutralinsomniac",
        "repo": "raptorboost",
        "type": "github"
      }
    },
    "root": {
      "inputs": {
        "disko": "disko",
        "exocortex": "exocortex",
        "flake-parts": "flake-parts",
        "ghostty": "ghostty",
        "helix": "helix",
        "ida-pro-overlay": "ida-pro-overlay",
        "import-tree": "import-tree",
        "jujutsu": "jujutsu",
        "kte": "kte",
        "lanzaboote": "lanzaboote",
        "nix-index-database": "nix-index-database",
        "nix-wrapper-modules": "nix-wrapper-modules",
        "nixos-apple-silicon": "nixos-apple-silicon",
        "nixos-hardware": "nixos-hardware",
        "nixpkgs": "nixpkgs_6",
        "nixpkgs-unstable": "nixpkgs-unstable",
        "noctalia": "noctalia",
        "raptorboost": "raptorboost",
        "tile": "tile"
      }
    },
    "rust-overlay": {
      "inputs": {
        "nixpkgs": [
          "helix",
          "nixpkgs"
        ]
      },
      "locked": {
        "lastModified": 1775358767,
        "narHash": "sha256-f2eC+WIfhjevCPQILuV08i/kmKZzYZpUvkom/33VxCA=",
        "owner": "oxalica",
        "repo": "rust-overlay",
        "rev": "20fd44bc663daa53a2575e01293e24e681d62244",
        "type": "github"
      },
      "original": {
        "owner": "oxalica",
        "repo": "rust-overlay",
        "type": "github"
      }
    },
    "rust-overlay_2": {
      "inputs": {
        "nixpkgs": [
          "jujutsu",
          "nixpkgs"
        ]
      },
      "locked": {
        "lastModified": 1781320681,
        "narHash": "sha256-mjJ/VxJaIkgcUvKANgKOaaN5M1X1X+6NjCP0C5hw0WI=",
        "owner": "oxalica",
        "repo": "rust-overlay",
        "rev": "5b929d8c854149d926d05ea0cd6469bf4e54db27",
        "type": "github"
      },
      "original": {
        "owner": "oxalica",
        "repo": "rust-overlay",
        "type": "github"
      }
    },
    "rust-overlay_3": {
      "inputs": {
        "nixpkgs": [
          "lanzaboote",
          "nixpkgs"
        ]
      },
      "locked": {
        "lastModified": 1765075567,
        "narHash": "sha256-KFDCdQcHJ0hE3Nt5Gm5enRIhmtEifAjpxgUQ3mzSJpA=",
        "owner": "oxalica",
        "repo": "rust-overlay",
        "rev": "769156779b41e8787a46ca3d7d76443aaf68be6f",
        "type": "github"
      },
      "original": {
        "owner": "oxalica",
        "repo": "rust-overlay",
        "type": "github"
      }
    },
    "systems": {
      "locked": {
        "lastModified": 1681028828,
        "narHash": "sha256-Vy1rq5AaRuLzOxct8nz4T6wlgyUR7zLU309k9mBC768=",
        "owner": "nix-systems",
        "repo": "default",
        "rev": "da67096a3b9bf56a91d16901293e51ba5b49a27e",
        "type": "github"
      },
      "original": {
        "owner": "nix-systems",
        "repo": "default",
        "type": "github"
      }
    },
    "systems_2": {
      "locked": {
        "lastModified": 1681028828,
        "narHash": "sha256-Vy1rq5AaRuLzOxct8nz4T6wlgyUR7zLU309k9mBC768=",
        "owner": "nix-systems",
        "repo": "default",
        "rev": "da67096a3b9bf56a91d16901293e51ba5b49a27e",
        "type": "github"
      },
      "original": {
        "owner": "nix-systems",
        "repo": "default",
        "type": "github"
      }
    },
    "systems_3": {
      "flake": false,
      "locked": {
        "lastModified": 1681028828,
        "narHash": "sha256-Vy1rq5AaRuLzOxct8nz4T6wlgyUR7zLU309k9mBC768=",
        "owner": "nix-systems",
        "repo": "default",
        "rev": "da67096a3b9bf56a91d16901293e51ba5b49a27e",
        "type": "github"
      },
      "original": {
        "owner": "nix-systems",
        "repo": "default",
        "type": "github"
      }
    },
    "systems_4": {
      "locked": {
        "lastModified": 1681028828,
        "narHash": "sha256-Vy1rq5AaRuLzOxct8nz4T6wlgyUR7zLU309k9mBC768=",
        "owner": "nix-systems",
        "repo": "default",
        "rev": "da67096a3b9bf56a91d16901293e51ba5b49a27e",
        "type": "github"
      },
      "original": {
        "owner": "nix-systems",
        "repo": "default",
        "type": "github"
      }
    },
    "systems_5": {
      "locked": {
        "lastModified": 1681028828,
        "narHash": "sha256-Vy1rq5AaRuLzOxct8nz4T6wlgyUR7zLU309k9mBC768=",
        "owner": "nix-systems",
        "repo": "default",
        "rev": "da67096a3b9bf56a91d16901293e51ba5b49a27e",
        "type": "github"
      },
      "original": {
        "owner": "nix-systems",
        "repo": "default",
        "type": "github"
      }
    },
    "tile": {
      "inputs": {
        "glass": "glass",
        "nixpkgs": [
          "nixpkgs"
        ]
      },
      "locked": {
        "lastModified": 1777838250,
        "narHash": "sha256-ZJmERkemaIAwKfkAuFlYCElYkN8Gop4npF1eiN3hlf8=",
        "owner": "neutralinsomniac",
        "repo": "tile",
        "rev": "5eec3a3332796ebba88c6cf528a9f84b54bcdcb9",
        "type": "github"
      },
      "original": {
        "owner": "neutralinsomniac",
        "ref": "nix",
        "repo": "tile",
        "type": "github"
      }
    },
    "zig": {
      "inputs": {
        "flake-compat": [
          "ghostty",
          "flake-compat"
        ],
        "nixpkgs": [
          "ghostty",
          "nixpkgs"
        ],
        "systems": [
          "ghostty",
          "systems"
        ]
      },
      "locked": {
        "lastModified": 1776789209,
        "narHash": "sha256-G6B7Q4TXn7MZ1mB+f9rymjsYF5PLWoSvmbxijb/99bw=",
        "owner": "mitchellh",
        "repo": "zig-overlay",
        "rev": "14fe971844e841297ddd2ce9783d6892b467af39",
        "type": "github"
      },
      "original": {
        "owner": "mitchellh",
        "repo": "zig-overlay",
        "type": "github"
      }
    },
    "zig_2": {
      "inputs": {
        "nixpkgs": [
          "ghostty",
          "zon2nix",
          "nixpkgs"
        ]
      },
      "locked": {
        "lastModified": 1777234348,
        "narHash": "sha256-fKw44a4qbUuI5eTG8k0gPbqMV5TOrjYF35PBzsYgd2U=",
        "ref": "refs/heads/main",
        "rev": "2c781c0609ecda600ab98f98cca417bbd981bd53",
        "revCount": 1677,
        "type": "git",
        "url": "https://codeberg.org/jcollie/zig-overlay.git"
      },
      "original": {
        "type": "git",
        "url": "https://codeberg.org/jcollie/zig-overlay.git"
      }
    },
    "zon2nix": {
      "inputs": {
        "nixpkgs": [
          "ghostty",
          "nixpkgs"
        ],
        "zig": "zig_2"
      },
      "locked": {
        "lastModified": 1777314365,
        "narHash": "sha256-eLxQaD0wc96Neqkln8wHS0rNq/chPODifFkhwrwilEU=",
        "owner": "jcollie",
        "repo": "zon2nix",
        "rev": "a5a1d412ad1ab6305511997bbc92b3a9dd6cb784",
        "type": "github"
      },
      "original": {
        "owner": "jcollie",
        "ref": "main",
        "repo": "zon2nix",
        "type": "github"
      }
    }
  },
  "root": "root",
  "version": 7
}
